
Microsoft Visual Studio Solution File, Format Version 12.00
# Visual Studio Version 16
VisualStudioVersion = 16.0.29613.14
MinimumVisualStudioVersion = 10.0.40219.1
Project("{FAE04EC0-301F-11D3-BF4B-00C04F79EFBC}") = "brain-fxxk-wpf", "brain-fxxk-wpf\brain-fxxk-wpf.csproj", "{C5199186-1A02-4A48-984A-2EBBDDE1B8AD}"
EndProject
Global
	GlobalSection(SolutionConfigurationPlatforms) = preSolution
		Debug|Any CPU = Debug|Any CPU
		Release|Any CPU = Release|Any CPU
	EndGlobalSection
	GlobalSection(ProjectConfigurationPlatforms) = postSolution
		{C5199186-1A02-4A48-984A-2EBBDDE1B8AD}.Debug|Any CPU.ActiveCfg = Debug|Any CPU
		{C5199186-1A02-4A48-984A-2EBBDDE1B8AD}.Debug|Any CPU.Build.0 = Debug|Any CPU
		{C5199186-1A02-4A48-984A-2EBBDDE1B8AD}.Release|Any CPU.ActiveCfg = Release|Any CPU
		{C5199186-1A02-4A48-984A-2EBBDDE1B8AD}.Release|Any CPU.Build.0 = Release|Any CPU
	EndGlobalSection
	GlobalSection(SolutionProperties) = preSolution
		HideSolutionNode = FALSE
	EndGlobalSection
	GlobalSection(ExtensibilityGlobals) = postSolution
		SolutionGuid = {F0E65A9D-38C8-4A38-A790-06DC6F6CE285}
	EndGlobalSection
EndGlobal
